
Microsoft Visual Studio Solution File, Format Version 12.00
# Visual Studio 15
VisualStudioVersion = 15.0.28307.271
MinimumVisualStudioVersion = 10.0.40219.1
Project("{8BC9CEB8-8B4A-11D0-8D11-00A0C91BC942}") = "Andromeda", "Andromeda\Andromeda.vcxproj", "{864C76C8-69BD-47A1-8D36-8777F7538224}"
EndProject
Project("{8BC9CEB8-8B4A-11D0-8D11-00A0C91BC942}") = "GetHWID", "GetHWID\GetHWID.vcxproj", "{825B7BD0-DA7E-40E8-8D7C-F1D19E8295E5}"
EndProject
Global
	GlobalSection(SolutionConfigurationPlatforms) = preSolution
		Debug|x64 = Debug|x64
		Debug|x86 = Debug|x86
		Release|x64 = Release|x64
		Release|x86 = Release|x86
	EndGlobalSection
	GlobalSection(ProjectConfigurationPlatforms) = postSolution
		{864C76C8-69BD-47A1-8D36-8777F7538224}.Debug|x64.ActiveCfg = Debug|x64
		{864C76C8-69BD-47A1-8D36-8777F7538224}.Debug|x64.Build.0 = Debug|x64
		{864C76C8-69BD-47A1-8D36-8777F7538224}.Debug|x86.ActiveCfg = Debug|Win32
		{864C76C8-69BD-47A1-8D36-8777F7538224}.Debug|x86.Build.0 = Debug|Win32
		{864C76C8-69BD-47A1-8D36-8777F7538224}.Release|x64.ActiveCfg = Release|x64
		{864C76C8-69BD-47A1-8D36-8777F7538224}.Release|x64.Build.0 = Release|x64
		{864C76C8-69BD-47A1-8D36-8777F7538224}.Release|x86.ActiveCfg = Release|Win32
		{864C76C8-69BD-47A1-8D36-8777F7538224}.Release|x86.Build.0 = Release|Win32
		{825B7BD0-DA7E-40E8-8D7C-F1D19E8295E5}.Debug|x64.ActiveCfg = Debug|x64
		{825B7BD0-DA7E-40E8-8D7C-F1D19E8295E5}.Debug|x64.Build.0 = Debug|x64
		{825B7BD0-DA7E-40E8-8D7C-F1D19E8295E5}.Debug|x86.ActiveCfg = Debug|Win32
		{825B7BD0-DA7E-40E8-8D7C-F1D19E8295E5}.Debug|x86.Build.0 = Debug|Win32
		{825B7BD0-DA7E-40E8-8D7C-F1D19E8295E5}.Release|x64.ActiveCfg = Release|x64
		{825B7BD0-DA7E-40E8-8D7C-F1D19E8295E5}.Release|x64.Build.0 = Release|x64
		{825B7BD0-DA7E-40E8-8D7C-F1D19E8295E5}.Release|x86.ActiveCfg = Release|Win32
		{825B7BD0-DA7E-40E8-8D7C-F1D19E8295E5}.Release|x86.Build.0 = Release|Win32
	EndGlobalSection
	GlobalSection(SolutionProperties) = preSolution
		HideSolutionNode = FALSE
	EndGlobalSection
	GlobalSection(ExtensibilityGlobals) = postSolution
		SolutionGuid = {0DC7F8FD-149B-42AD-B602-1D6D26815B14}
	EndGlobalSection
EndGlobal
